
Microsoft Visual Studio Solution File, Format Version 12.00
# Visual Studio Version 17
VisualStudioVersion = 17.11.35312.102
MinimumVisualStudioVersion = 10.0.40219.1
Project("{9A19103F-16F7-4668-BE54-9A1E7A4F7556}") = "Grocery-Store-Management", "Grocery-Store-Management\Grocery-Store-Management.csproj", "{93371FFF-B8B5-4337-A28C-166D7145AFB4}"
EndProject
Project("{9A19103F-16F7-4668-BE54-9A1E7A4F7556}") = "LoggerService", "LoggerService\LoggerService.csproj", "{7CCFAB42-A5DC-4166-B175-7AC38EDAE07E}"
EndProject
Project("{9A19103F-16F7-4668-BE54-9A1E7A4F7556}") = "Entities", "Entities\Entities.csproj", "{09FA5EFD-2CC3-45BD-A000-C289B5C15A56}"
EndProject
Project("{9A19103F-16F7-4668-BE54-9A1E7A4F7556}") = "Repository", "Repository\Repository.csproj", "{9B63B935-1047-4263-9FC2-7B6FD7924670}"
EndProject
Project("{FAE04EC0-301F-11D3-BF4B-00C04F79EFBC}") = "Contracts", "Contracts\Contracts.csproj", "{936BAFDD-103B-4834-810B-B57A20530826}"
EndProject
Global
	GlobalSection(SolutionConfigurationPlatforms) = preSolution
		Debug|Any CPU = Debug|Any CPU
		Release|Any CPU = Release|Any CPU
	EndGlobalSection
	GlobalSection(ProjectConfigurationPlatforms) = postSolution
		{93371FFF-B8B5-4337-A28C-166D7145AFB4}.Debug|Any CPU.ActiveCfg = Debug|Any CPU
		{93371FFF-B8B5-4337-A28C-166D7145AFB4}.Debug|Any CPU.Build.0 = Debug|Any CPU
		{93371FFF-B8B5-4337-A28C-166D7145AFB4}.Release|Any CPU.ActiveCfg = Release|Any CPU
		{93371FFF-B8B5-4337-A28C-166D7145AFB4}.Release|Any CPU.Build.0 = Release|Any CPU
		{7CCFAB42-A5DC-4166-B175-7AC38EDAE07E}.Debug|Any CPU.ActiveCfg = Debug|Any CPU
		{7CCFAB42-A5DC-4166-B175-7AC38EDAE07E}.Debug|Any CPU.Build.0 = Debug|Any CPU
		{7CCFAB42-A5DC-4166-B175-7AC38EDAE07E}.Release|Any CPU.ActiveCfg = Release|Any CPU
		{7CCFAB42-A5DC-4166-B175-7AC38EDAE07E}.Release|Any CPU.Build.0 = Release|Any CPU
		{09FA5EFD-2CC3-45BD-A000-C289B5C15A56}.Debug|Any CPU.ActiveCfg = Debug|Any CPU
		{09FA5EFD-2CC3-45BD-A000-C289B5C15A56}.Debug|Any CPU.Build.0 = Debug|Any CPU
		{09FA5EFD-2CC3-45BD-A000-C289B5C15A56}.Release|Any CPU.ActiveCfg = Release|Any CPU
		{09FA5EFD-2CC3-45BD-A000-C289B5C15A56}.Release|Any CPU.Build.0 = Release|Any CPU
		{9B63B935-1047-4263-9FC2-7B6FD7924670}.Debug|Any CPU.ActiveCfg = Debug|Any CPU
		{9B63B935-1047-4263-9FC2-7B6FD7924670}.Debug|Any CPU.Build.0 = Debug|Any CPU
		{9B63B935-1047-4263-9FC2-7B6FD7924670}.Release|Any CPU.ActiveCfg = Release|Any CPU
		{9B63B935-1047-4263-9FC2-7B6FD7924670}.Release|Any CPU.Build.0 = Release|Any CPU
		{936BAFDD-103B-4834-810B-B57A20530826}.Debug|Any CPU.ActiveCfg = Debug|Any CPU
		{936BAFDD-103B-4834-810B-B57A20530826}.Debug|Any CPU.Build.0 = Debug|Any CPU
		{936BAFDD-103B-4834-810B-B57A20530826}.Release|Any CPU.ActiveCfg = Release|Any CPU
		{936BAFDD-103B-4834-810B-B57A20530826}.Release|Any CPU.Build.0 = Release|Any CPU
	EndGlobalSection
	GlobalSection(SolutionProperties) = preSolution
		HideSolutionNode = FALSE
	EndGlobalSection
	GlobalSection(ExtensibilityGlobals) = postSolution
		SolutionGuid = {13D33FF9-4ECF-4AC3-8FF6-521F81D2DEAF}
	EndGlobalSection
EndGlobal
